<?xml version="1.0" encoding="utf-8"?>
<Project ToolsVersion="4.0" xmlns="http://schemas.microsoft.com/developer/msbuild/2003">
  <ItemGroup>
    <Filter Include="Common">
      <UniqueIdentifier>9f129641-409a-4943-b5d6-8785e531fdeb</UniqueIdentifier>
    </Filter>
    <Filter Include="Assets">
      <UniqueIdentifier>57c20230-b296-48ba-92ca-ffab83c2b6aa</UniqueIdentifier>
      <Extensions>ico;cur;bmp;dds;dlg;fbx;rct;bin;rgs;gif;jpg;jpeg;jpe;resx;tga;tiff;tif;png;wav;mfcribbon-ms</Extensions>
    </Filter>
    <Filter Include="Lua scripts">
      <UniqueIdentifier>{5190a5b3-9469-4567-9f11-5d429561d24b}</UniqueIdentifier>
    </Filter>
  </ItemGroup>
  <ItemGroup>
    <ClInclude Include="pch.h" />
    <ClInclude Include="Game.h" />
    <ClInclude Include="StepTimer.h">
      <Filter>Common</Filter>
    </ClInclude>
    <ClInclude Include="DeviceResources.h">
      <Filter>Common</Filter>
    </ClInclude>
    <ClInclude Include="AnimatedTexture.h" />
    <ClInclude Include="ScrollingBackground.h" />
    <ClInclude Include="LuaHelper.h">
      <Filter>Lua scripts</Filter>
    </ClInclude>
  </ItemGroup>
  <ItemGroup>
    <ClCompile Include="pch.cpp" />
    <ClCompile Include="Game.cpp" />
    <ClCompile Include="Main.cpp" />
    <ClCompile Include="DeviceResources.cpp">
      <Filter>Common</Filter>
    </ClCompile>
    <ClCompile Include="LuaHelper.cpp">
      <Filter>Lua scripts</Filter>
    </ClCompile>
  </ItemGroup>
  <ItemGroup>
    <ResourceCompile Include="resource.rc" />
  </ItemGroup>
  <ItemGroup>
    <Image Include="directx.ico">
      <Filter>Assets</Filter>
    </Image>
    <Image Include="cat.png">
      <Filter>Assets</Filter>
    </Image>
    <Image Include="sunset.jpg">
      <Filter>Assets</Filter>
    </Image>
    <Image Include="shipanimated.png">
      <Filter>Assets</Filter>
    </Image>
    <Image Include="starfield.png">
      <Filter>Assets</Filter>
    </Image>
    <Image Include="Bullet.png">
      <Filter>Assets</Filter>
    </Image>
  </ItemGroup>
  <ItemGroup>
    <Manifest Include="settings.manifest">
      <Filter>Assets</Filter>
    </Manifest>
  </ItemGroup>
  <ItemGroup>
    <None Include="packages.config" />
    <None Include="Script.lua">
      <Filter>Lua scripts</Filter>
    </None>
  </ItemGroup>
</Project>